
Microsoft Visual Studio Solution File, Format Version 12.00
# Visual Studio 15
Project("{FAE04EC0-301F-11D3-BF4B-00C04F79EFBC}") = "5a23146cddebf66469adb8851095efa2", "Assembly-CSharp.csproj", "{34162E3A-D92B-E8C5-182E-D7C61AEC7D61}"
EndProject
Global
	GlobalSection(SolutionConfigurationPlatforms) = preSolution
		Debug|Any CPU = Debug|Any CPU
		Release|Any CPU = Release|Any CPU
	EndGlobalSection
	GlobalSection(ProjectConfigurationPlatforms) = postSolution
		{34162E3A-D92B-E8C5-182E-D7C61AEC7D61}.Debug|Any CPU.ActiveCfg = Debug|Any CPU
		{34162E3A-D92B-E8C5-182E-D7C61AEC7D61}.Debug|Any CPU.Build.0 = Debug|Any CPU
		{34162E3A-D92B-E8C5-182E-D7C61AEC7D61}.Release|Any CPU.ActiveCfg = Release|Any CPU
		{34162E3A-D92B-E8C5-182E-D7C61AEC7D61}.Release|Any CPU.Build.0 = Release|Any CPU
	EndGlobalSection
	GlobalSection(SolutionProperties) = preSolution
		HideSolutionNode = FALSE
	EndGlobalSection
EndGlobal
